// !$*UTF8*$!
{
	archiveVersion = 1;
	classes = {
	};
	objectVersion = 48;
	objects = {

/* Begin PBXBuildFile section */
		D981A09E1EE88D00008BAFFF /* CustomCell.swift in Sources */ = {isa = PBXBuildFile; fileRef = D981A09D1EE88D00008BAFFF /* CustomCell.swift */; };
		D981A0A01EE88D14008BAFFF /* CustomCell.xib in Resources */ = {isa = PBXBuildFile; fileRef = D981A09F1EE88D14008BAFFF /* CustomCell.xib */; };
		D995C6C21EE89A4F00EC321B /* RegisterViewController.swift in Sources */ = {isa = PBXBuildFile; fileRef = D995C6C11EE89A4F00EC321B /* RegisterViewController.swift */; };
		D995C6C61EE89A7800EC321B /* RegisterView.xib in Resources */ = {isa = PBXBuildFile; fileRef = D995C6C51EE89A7800EC321B /* RegisterView.xib */; };
		D99A71951EE8474000626456 /* MainViewController.swift in Sources */ = {isa = PBXBuildFile; fileRef = D99A71941EE8474000626456 /* MainViewController.swift */; };
		D99A71971EE8475A00626456 /* MainView.xib in Resources */ = {isa = PBXBuildFile; fileRef = D99A71961EE8475A00626456 /* MainView.xib */; };
		D9C3DB491EE96C8200873C3D /* Util.swift in Sources */ = {isa = PBXBuildFile; fileRef = D9C3DB481EE96C8200873C3D /* Util.swift */; };
		D9DE3A931EE83BFA00E45CAA /* AppDelegate.swift in Sources */ = {isa = PBXBuildFile; fileRef = D9DE3A921EE83BFA00E45CAA /* AppDelegate.swift */; };
		D9DE3A9B1EE83BFA00E45CAA /* MyCoreDataDemo.xcdatamodeld in Sources */ = {isa = PBXBuildFile; fileRef = D9DE3A991EE83BFA00E45CAA /* MyCoreDataDemo.xcdatamodeld */; };
		D9DE3A9D1EE83BFA00E45CAA /* Assets.xcassets in Resources */ = {isa = PBXBuildFile; fileRef = D9DE3A9C1EE83BFA00E45CAA /* Assets.xcassets */; };
		D9DE3AA01EE83BFA00E45CAA /* LaunchScreen.storyboard in Resources */ = {isa = PBXBuildFile; fileRef = D9DE3A9E1EE83BFA00E45CAA /* LaunchScreen.storyboard */; };
/* End PBXBuildFile section */

/* Begin PBXFileReference section */
		D981A09D1EE88D00008BAFFF /* CustomCell.swift */ = {isa = PBXFileReference; lastKnownFileType = sourcecode.swift; path = CustomCell.swift; sourceTree = "<group>"; };
		D981A09F1EE88D14008BAFFF /* CustomCell.xib */ = {isa = PBXFileReference; lastKnownFileType = file.xib; path = CustomCell.xib; sourceTree = "<group>"; };
		D995C6C11EE89A4F00EC321B /* RegisterViewController.swift */ = {isa = PBXFileReference; lastKnownFileType = sourcecode.swift; path = RegisterViewController.swift; sourceTree = "<group>"; };
		D995C6C51EE89A7800EC321B /* RegisterView.xib */ = {isa = PBXFileReference; lastKnownFileType = file.xib; path = RegisterView.xib; sourceTree = "<group>"; };
		D99A71941EE8474000626456 /* MainViewController.swift */ = {isa = PBXFileReference; lastKnownFileType = sourcecode.swift; path = MainViewController.swift; sourceTree = "<group>"; };
		D99A71961EE8475A00626456 /* MainView.xib */ = {isa = PBXFileReference; lastKnownFileType = file.xib; path = MainView.xib; sourceTree = "<group>"; };
		D9C3DB481EE96C8200873C3D /* Util.swift */ = {isa = PBXFileReference; lastKnownFileType = sourcecode.swift; path = Util.swift; sourceTree = "<group>"; };
		D9DE3A8F1EE83BFA00E45CAA /* MyCoreDataDemo.app */ = {isa = PBXFileReference; explicitFileType = wrapper.application; includeInIndex = 0; path = MyCoreDataDemo.app; sourceTree = BUILT_PRODUCTS_DIR; };
		D9DE3A921EE83BFA00E45CAA /* AppDelegate.swift */ = {isa = PBXFileReference; lastKnownFileType = sourcecode.swift; path = AppDelegate.swift; sourceTree = "<group>"; };
		D9DE3A9A1EE83BFA00E45CAA /* MyCoreDataDemo.xcdatamodel */ = {isa = PBXFileReference; lastKnownFileType = wrapper.xcdatamodel; path = MyCoreDataDemo.xcdatamodel; sourceTree = "<group>"; };
		D9DE3A9C1EE83BFA00E45CAA /* Assets.xcassets */ = {isa = PBXFileReference; lastKnownFileType = folder.assetcatalog; path = Assets.xcassets; sourceTree = "<group>"; };
		D9DE3A9F1EE83BFA00E45CAA /* Base */ = {isa = PBXFileReference; lastKnownFileType = file.storyboard; name = Base; path = Base.lproj/LaunchScreen.storyboard; sourceTree = "<group>"; };
		D9DE3AA11EE83BFA00E45CAA /* Info.plist */ = {isa = PBXFileReference; lastKnownFileType = text.plist.xml; path = Info.plist; sourceTree = "<group>"; };
/* End PBXFileReference section */

/* Begin PBXFrameworksBuildPhase section */
		D9DE3A8C1EE83BFA00E45CAA /* Frameworks */ = {
			isa = PBXFrameworksBuildPhase;
			buildActionMask = 2147483647;
			files = (
			);
			runOnlyForDeploymentPostprocessing = 0;
		};
/* End PBXFrameworksBuildPhase section */

/* Begin PBXGroup section */
		D995C6C01EE89A1500EC321B /* Register */ = {
			isa = PBXGroup;
			children = (
				D995C6C11EE89A4F00EC321B /* RegisterViewController.swift */,
				D995C6C51EE89A7800EC321B /* RegisterView.xib */,
			);
			path = Register;
			sourceTree = "<group>";
		};
		D99A71921EE846E100626456 /* Main */ = {
			isa = PBXGroup;
			children = (
				D99A71931EE846EA00626456 /* Cell */,
				D99A71941EE8474000626456 /* MainViewController.swift */,
				D99A71961EE8475A00626456 /* MainView.xib */,
			);
			path = Main;
			sourceTree = "<group>";
		};
		D99A71931EE846EA00626456 /* Cell */ = {
			isa = PBXGroup;
			children = (
				D981A09D1EE88D00008BAFFF /* CustomCell.swift */,
				D981A09F1EE88D14008BAFFF /* CustomCell.xib */,
			);
			path = Cell;
			sourceTree = "<group>";
		};
		D9C3DB471EE96C6F00873C3D /* Utils */ = {
			isa = PBXGroup;
			children = (
				D9C3DB481EE96C8200873C3D /* Util.swift */,
			);
			path = Utils;
			sourceTree = "<group>";
		};
		D9DE3A861EE83BFA00E45CAA = {
			isa = PBXGroup;
			children = (
				D9DE3A911EE83BFA00E45CAA /* MyCoreDataDemo */,
				D9DE3A901EE83BFA00E45CAA /* Products */,
			);
			sourceTree = "<group>";
		};
		D9DE3A901EE83BFA00E45CAA /* Products */ = {
			isa = PBXGroup;
			children = (
				D9DE3A8F1EE83BFA00E45CAA /* MyCoreDataDemo.app */,
			);
			name = Products;
			sourceTree = "<group>";
		};
		D9DE3A911EE83BFA00E45CAA /* MyCoreDataDemo */ = {
			isa = PBXGroup;
			children = (
				D9C3DB471EE96C6F00873C3D /* Utils */,
				D99A71921EE846E100626456 /* Main */,
				D995C6C01EE89A1500EC321B /* Register */,
				D9DE3A921EE83BFA00E45CAA /* AppDelegate.swift */,
				D9DE3A9C1EE83BFA00E45CAA /* Assets.xcassets */,
				D9DE3A9E1EE83BFA00E45CAA /* LaunchScreen.storyboard */,
				D9DE3AA11EE83BFA00E45CAA /* Info.plist */,
				D9DE3A991EE83BFA00E45CAA /* MyCoreDataDemo.xcdatamodeld */,
			);
			path = MyCoreDataDemo;
			sourceTree = "<group>";
		};
/* End PBXGroup section */

/* Begin PBXNativeTarget section */
		D9DE3A8E1EE83BFA00E45CAA /* MyCoreDataDemo */ = {
			isa = PBXNativeTarget;
			buildConfigurationList = D9DE3AA41EE83BFA00E45CAA /* Build configuration list for PBXNativeTarget "MyCoreDataDemo" */;
			buildPhases = (
				D9DE3A8B1EE83BFA00E45CAA /* Sources */,
				D9DE3A8C1EE83BFA00E45CAA /* Frameworks */,
				D9DE3A8D1EE83BFA00E45CAA /* Resources */,
			);
			buildRules = (
			);
			dependencies = (
			);
			name = MyCoreDataDemo;
			productName = MyCoreDataDemo;
			productReference = D9DE3A8F1EE83BFA00E45CAA /* MyCoreDataDemo.app */;
			productType = "com.apple.product-type.application";
		};
/* End PBXNativeTarget section */

/* Begin PBXProject section */
		D9DE3A871EE83BFA00E45CAA /* Project object */ = {
			isa = PBXProject;
			attributes = {
				LastSwiftUpdateCheck = 0900;
				LastUpgradeCheck = 0900;
				ORGANIZATIONNAME = "Christophe Foucan";
				TargetAttributes = {
					D9DE3A8E1EE83BFA00E45CAA = {
						CreatedOnToolsVersion = 9.0;
					};
				};
			};
			buildConfigurationList = D9DE3A8A1EE83BFA00E45CAA /* Build configuration list for PBXProject "MyCoreDataDemo" */;
			compatibilityVersion = "Xcode 8.0";
			developmentRegion = en;
			hasScannedForEncodings = 0;
			knownRegions = (
				en,
				Base,
			);
			mainGroup = D9DE3A861EE83BFA00E45CAA;
			productRefGroup = D9DE3A901EE83BFA00E45CAA /* Products */;
			projectDirPath = "";
			projectRoot = "";
			targets = (
				D9DE3A8E1EE83BFA00E45CAA /* MyCoreDataDemo */,
			);
		};
/* End PBXProject section */

/* Begin PBXResourcesBuildPhase section */
		D9DE3A8D1EE83BFA00E45CAA /* Resources */ = {
			isa = PBXResourcesBuildPhase;
			buildActionMask = 2147483647;
			files = (
				D99A71971EE8475A00626456 /* MainView.xib in Resources */,
				D995C6C61EE89A7800EC321B /* RegisterView.xib in Resources */,
				D9DE3AA01EE83BFA00E45CAA /* LaunchScreen.storyboard in Resources */,
				D981A0A01EE88D14008BAFFF /* CustomCell.xib in Resources */,
				D9DE3A9D1EE83BFA00E45CAA /* Assets.xcassets in Resources */,
			);
			runOnlyForDeploymentPostprocessing = 0;
		};
/* End PBXResourcesBuildPhase section */

/* Begin PBXSourcesBuildPhase section */
		D9DE3A8B1EE83BFA00E45CAA /* Sources */ = {
			isa = PBXSourcesBuildPhase;
			buildActionMask = 2147483647;
			files = (
				D99A71951EE8474000626456 /* MainViewController.swift in Sources */,
				D9DE3A9B1EE83BFA00E45CAA /* MyCoreDataDemo.xcdatamodeld in Sources */,
				D9C3DB491EE96C8200873C3D /* Util.swift in Sources */,
				D981A09E1EE88D00008BAFFF /* CustomCell.swift in Sources */,
				D995C6C21EE89A4F00EC321B /* RegisterViewController.swift in Sources */,
				D9DE3A931EE83BFA00E45CAA /* AppDelegate.swift in Sources */,
			);
			runOnlyForDeploymentPostprocessing = 0;
		};
/* End PBXSourcesBuildPhase section */

/* Begin PBXVariantGroup section */
		D9DE3A9E1EE83BFA00E45CAA /* LaunchScreen.storyboard */ = {
			isa = PBXVariantGroup;
			children = (
				D9DE3A9F1EE83BFA00E45CAA /* Base */,
			);
			name = LaunchScreen.storyboard;
			sourceTree = "<group>";
		};
/* End PBXVariantGroup section */

/* Begin XCBuildConfiguration section */
		D9DE3AA21EE83BFA00E45CAA /* Debug */ = {
			isa = XCBuildConfiguration;
			buildSettings = {
				ALWAYS_SEARCH_USER_PATHS = NO;
				CLANG_ANALYZER_NONNULL = YES;
				CLANG_ANALYZER_NUMBER_OBJECT_CONVERSION = YES_AGGRESSIVE;
				CLANG_CXX_LANGUAGE_STANDARD = "gnu++14";
				CLANG_CXX_LIBRARY = "libc++";
				CLANG_ENABLE_MODULES = YES;
				CLANG_ENABLE_OBJC_ARC = YES;
				CLANG_WARN_BLOCK_CAPTURE_AUTORELEASING = YES;
				CLANG_WARN_BOOL_CONVERSION = YES;
				CLANG_WARN_COMMA = YES;
				CLANG_WARN_CONSTANT_CONVERSION = YES;
				CLANG_WARN_DIRECT_OBJC_ISA_USAGE = YES_ERROR;
				CLANG_WARN_DOCUMENTATION_COMMENTS = YES;
				CLANG_WARN_EMPTY_BODY = YES;
				CLANG_WARN_ENUM_CONVERSION = YES;
				CLANG_WARN_INFINITE_RECURSION = YES;
				CLANG_WARN_INT_CONVERSION = YES;
				CLANG_WARN_NON_LITERAL_NULL_CONVERSION = YES;
				CLANG_WARN_OBJC_LITERAL_CONVERSION = YES;
				CLANG_WARN_OBJC_ROOT_CLASS = YES_ERROR;
				CLANG_WARN_RANGE_LOOP_ANALYSIS = YES;
				CLANG_WARN_STRICT_PROTOTYPES = YES;
				CLANG_WARN_SUSPICIOUS_MOVE = YES;
				CLANG_WARN_UNGUARDED_AVAILABILITY = YES_AGGRESSIVE;
				CLANG_WARN_UNREACHABLE_CODE = YES;
				CLANG_WARN__DUPLICATE_METHOD_MATCH = YES;
				CODE_SIGN_IDENTITY = "iPhone Developer";
				COPY_PHASE_STRIP = NO;
				DEBUG_INFORMATION_FORMAT = dwarf;
				ENABLE_STRICT_OBJC_MSGSEND = YES;
				ENABLE_TESTABILITY = YES;
				GCC_C_LANGUAGE_STANDARD = gnu11;
				GCC_DYNAMIC_NO_PIC = NO;
				GCC_NO_COMMON_BLOCKS = YES;
				GCC_OPTIMIZATION_LEVEL = 0;
				GCC_PREPROCESSOR_DEFINITIONS = (
					"DEBUG=1",
					"$(inherited)",
				);
				GCC_WARN_64_TO_32_BIT_CONVERSION = YES;
				GCC_WARN_ABOUT_RETURN_TYPE = YES_ERROR;
				GCC_WARN_UNDECLARED_SELECTOR = YES;
				GCC_WARN_UNINITIALIZED_AUTOS = YES_AGGRESSIVE;
				GCC_WARN_UNUSED_FUNCTION = YES;
				GCC_WARN_UNUSED_VARIABLE = YES;
				IPHONEOS_DEPLOYMENT_TARGET = 11.0;
				MTL_ENABLE_DEBUG_INFO = YES;
				ONLY_ACTIVE_ARCH = YES;
				SDKROOT = iphoneos;
				SWIFT_ACTIVE_COMPILATION_CONDITIONS = DEBUG;
				SWIFT_OPTIMIZATION_LEVEL = "-Onone";
			};
			name = Debug;
		};
		D9DE3AA31EE83BFA00E45CAA /* Release */ = {
			isa = XCBuildConfiguration;
			buildSettings = {
				ALWAYS_SEARCH_USER_PATHS = NO;
				CLANG_ANALYZER_NONNULL = YES;
				CLANG_ANALYZER_NUMBER_OBJECT_CONVERSION = YES_AGGRESSIVE;
				CLANG_CXX_LANGUAGE_STANDARD = "gnu++14";
				CLANG_CXX_LIBRARY = "libc++";
				CLANG_ENABLE_MODULES = YES;
				CLANG_ENABLE_OBJC_ARC = YES;
				CLANG_WARN_BLOCK_CAPTURE_AUTORELEASING = YES;
				CLANG_WARN_BOOL_CONVERSION = YES;
				CLANG_WARN_COMMA = YES;
				CLANG_WARN_CONSTANT_CONVERSION = YES;
				CLANG_WARN_DIRECT_OBJC_ISA_USAGE = YES_ERROR;
				CLANG_WARN_DOCUMENTATION_COMMENTS = YES;
				CLANG_WARN_EMPTY_BODY = YES;
				CLANG_WARN_ENUM_CONVERSION = YES;
				CLANG_WARN_INFINITE_RECURSION = YES;
				CLANG_WARN_INT_CONVERSION = YES;
				CLANG_WARN_NON_LITERAL_NULL_CONVERSION = YES;
				CLANG_WARN_OBJC_LITERAL_CONVERSION = YES;
				CLANG_WARN_OBJC_ROOT_CLASS = YES_ERROR;
				CLANG_WARN_RANGE_LOOP_ANALYSIS = YES;
				CLANG_WARN_STRICT_PROTOTYPES = YES;
				CLANG_WARN_SUSPICIOUS_MOVE = YES;
				CLANG_WARN_UNGUARDED_AVAILABILITY = YES_AGGRESSIVE;
				CLANG_WARN_UNREACHABLE_CODE = YES;
				CLANG_WARN__DUPLICATE_METHOD_MATCH = YES;
				CODE_SIGN_IDENTITY = "iPhone Developer";
				COPY_PHASE_STRIP = NO;
				DEBUG_INFORMATION_FORMAT = "dwarf-with-dsym";
				ENABLE_NS_ASSERTIONS = NO;
				ENABLE_STRICT_OBJC_MSGSEND = YES;
				GCC_C_LANGUAGE_STANDARD = gnu11;
				GCC_NO_COMMON_BLOCKS = YES;
				GCC_WARN_64_TO_32_BIT_CONVERSION = YES;
				GCC_WARN_ABOUT_RETURN_TYPE = YES_ERROR;
				GCC_WARN_UNDECLARED_SELECTOR = YES;
				GCC_WARN_UNINITIALIZED_AUTOS = YES_AGGRESSIVE;
				GCC_WARN_UNUSED_FUNCTION = YES;
				GCC_WARN_UNUSED_VARIABLE = YES;
				IPHONEOS_DEPLOYMENT_TARGET = 11.0;
				MTL_ENABLE_DEBUG_INFO = NO;
				SDKROOT = iphoneos;
				SWIFT_OPTIMIZATION_LEVEL = "-Owholemodule";
				VALIDATE_PRODUCT = YES;
			};
			name = Release;
		};
		D9DE3AA51EE83BFA00E45CAA /* Debug */ = {
			isa = XCBuildConfiguration;
			buildSettings = {
				ASSETCATALOG_COMPILER_APPICON_NAME = AppIcon;
				DEVELOPMENT_TEAM = 4D644G77ZS;
				INFOPLIST_FILE = MyCoreDataDemo/Info.plist;
				LD_RUNPATH_SEARCH_PATHS = "$(inherited) @executable_path/Frameworks";
				PRODUCT_BUNDLE_IDENTIFIER = com.foucanc.MyCoreDataDemo;
				PRODUCT_NAME = "$(TARGET_NAME)";
				SWIFT_VERSION = 4.0;
				TARGETED_DEVICE_FAMILY = "1,2";
			};
			name = Debug;
		};
		D9DE3AA61EE83BFA00E45CAA /* Release */ = {
			isa = XCBuildConfiguration;
			buildSettings = {
				ASSETCATALOG_COMPILER_APPICON_NAME = AppIcon;
				DEVELOPMENT_TEAM = 4D644G77ZS;
				INFOPLIST_FILE = MyCoreDataDemo/Info.plist;
				LD_RUNPATH_SEARCH_PATHS = "$(inherited) @executable_path/Frameworks";
				PRODUCT_BUNDLE_IDENTIFIER = com.foucanc.MyCoreDataDemo;
				PRODUCT_NAME = "$(TARGET_NAME)";
				SWIFT_VERSION = 4.0;
				TARGETED_DEVICE_FAMILY = "1,2";
			};
			name = Release;
		};
/* End XCBuildConfiguration section */

/* Begin XCConfigurationList section */
		D9DE3A8A1EE83BFA00E45CAA /* Build configuration list for PBXProject "MyCoreDataDemo" */ = {
			isa = XCConfigurationList;
			buildConfigurations = (
				D9DE3AA21EE83BFA00E45CAA /* Debug */,
				D9DE3AA31EE83BFA00E45CAA /* Release */,
			);
			defaultConfigurationIsVisible = 0;
			defaultConfigurationName = Release;
		};
		D9DE3AA41EE83BFA00E45CAA /* Build configuration list for PBXNativeTarget "MyCoreDataDemo" */ = {
			isa = XCConfigurationList;
			buildConfigurations = (
				D9DE3AA51EE83BFA00E45CAA /* Debug */,
				D9DE3AA61EE83BFA00E45CAA /* Release */,
			);
			defaultConfigurationIsVisible = 0;
			defaultConfigurationName = Release;
		};
/* End XCConfigurationList section */

/* Begin XCVersionGroup section */
		D9DE3A991EE83BFA00E45CAA /* MyCoreDataDemo.xcdatamodeld */ = {
			isa = XCVersionGroup;
			children = (
				D9DE3A9A1EE83BFA00E45CAA /* MyCoreDataDemo.xcdatamodel */,
			);
			currentVersion = D9DE3A9A1EE83BFA00E45CAA /* MyCoreDataDemo.xcdatamodel */;
			path = MyCoreDataDemo.xcdatamodeld;
			sourceTree = "<group>";
			versionGroupType = wrapper.xcdatamodel;
		};
/* End XCVersionGroup section */
	};
	rootObject = D9DE3A871EE83BFA00E45CAA /* Project object */;
}
